
Microsoft Visual Studio Solution File, Format Version 12.00
# Visual Studio 14
VisualStudioVersion = 14.0.25420.1
MinimumVisualStudioVersion = 10.0.40219.1
Project("{FAE04EC0-301F-11D3-BF4B-00C04F79EFBC}") = "authtesting", "authtesting\authtesting.csproj", "{5D42B97A-2840-425D-B391-F1EF1179573C}"
EndProject
Project("{FAE04EC0-301F-11D3-BF4B-00C04F79EFBC}") = "authtesting.Tests", "authtesting.Tests\authtesting.Tests.csproj", "{4B6E45DB-82E7-4A74-83A1-268E037666B8}"
EndProject
Global
	GlobalSection(SolutionConfigurationPlatforms) = preSolution
		Debug|Any CPU = Debug|Any CPU
		Release|Any CPU = Release|Any CPU
	EndGlobalSection
	GlobalSection(ProjectConfigurationPlatforms) = postSolution
		{5D42B97A-2840-425D-B391-F1EF1179573C}.Debug|Any CPU.ActiveCfg = Debug|Any CPU
		{5D42B97A-2840-425D-B391-F1EF1179573C}.Debug|Any CPU.Build.0 = Debug|Any CPU
		{5D42B97A-2840-425D-B391-F1EF1179573C}.Release|Any CPU.ActiveCfg = Release|Any CPU
		{5D42B97A-2840-425D-B391-F1EF1179573C}.Release|Any CPU.Build.0 = Release|Any CPU
		{4B6E45DB-82E7-4A74-83A1-268E037666B8}.Debug|Any CPU.ActiveCfg = Debug|Any CPU
		{4B6E45DB-82E7-4A74-83A1-268E037666B8}.Debug|Any CPU.Build.0 = Debug|Any CPU
		{4B6E45DB-82E7-4A74-83A1-268E037666B8}.Release|Any CPU.ActiveCfg = Release|Any CPU
		{4B6E45DB-82E7-4A74-83A1-268E037666B8}.Release|Any CPU.Build.0 = Release|Any CPU
	EndGlobalSection
	GlobalSection(SolutionProperties) = preSolution
		HideSolutionNode = FALSE
	EndGlobalSection
EndGlobal
